
Microsoft Visual Studio Solution File, Format Version 12.00
# Visual Studio 2012
Project("{2150E333-8FDC-42A3-9474-1A3956D46DE8}") = "Backend", "Backend", "{F8E56BAC-654D-4A11-A42E-CCC09324C21B}"
EndProject
Project("{2150E333-8FDC-42A3-9474-1A3956D46DE8}") = "Mobile", "Mobile", "{EE293109-FD39-4671-8364-7F38BC29A6C7}"
EndProject
Project("{FAE04EC0-301F-11D3-BF4B-00C04F79EFBC}") = "Service", "Service\Service.csproj", "{884819E9-3376-4EBF-B143-8711E18D94B7}"
EndProject
Project("{2150E333-8FDC-42A3-9474-1A3956D46DE8}") = "Common", "Common", "{BD7D2A24-5D1B-462B-90B6-8F78E358655D}"
EndProject
Project("{FAE04EC0-301F-11D3-BF4B-00C04F79EFBC}") = "Models", "Models\Models.csproj", "{C7DD8CA8-C55D-4571-97F5-FBADDE9BA39D}"
EndProject
Project("{FAE04EC0-301F-11D3-BF4B-00C04F79EFBC}") = "AlzaMobile.iOS", "iOS\AlzaMobile.iOS.csproj", "{AC74E967-3C66-40A3-A982-B9ABA8D9A6F3}"
EndProject
Project("{FAE04EC0-301F-11D3-BF4B-00C04F79EFBC}") = "AlzaMobile.Core", "AlzaMobile.Core\AlzaMobile.Core.csproj", "{6EBAFFFF-7802-405D-A779-6489C323C473}"
EndProject
Project("{9344BDBB-3E7F-41FC-A0DD-8665D75EE146}") = "AlzaMobile.Droid", "Droid\AlzaMobile.Droid.csproj", "{41DE320B-C375-47AC-BF0D-3303B7CA5FF4}"
EndProject
Project("{FAE04EC0-301F-11D3-BF4B-00C04F79EFBC}") = "AlzaMobile.Models", "AlzaMobile.Models\AlzaMobile.Models.csproj", "{A8F0A4EB-84D6-4FB6-8BF7-4DF060AC5467}"
EndProject
Global
	GlobalSection(SolutionConfigurationPlatforms) = preSolution
		Debug|x86 = Debug|x86
		Release|x86 = Release|x86
		Debug|iPhoneSimulator = Debug|iPhoneSimulator
		Release|iPhone = Release|iPhone
		Release|iPhoneSimulator = Release|iPhoneSimulator
		Debug|iPhone = Debug|iPhone
	EndGlobalSection
	GlobalSection(ProjectConfigurationPlatforms) = postSolution
		{884819E9-3376-4EBF-B143-8711E18D94B7}.Debug|x86.ActiveCfg = Debug|Any CPU
		{884819E9-3376-4EBF-B143-8711E18D94B7}.Debug|x86.Build.0 = Debug|Any CPU
		{884819E9-3376-4EBF-B143-8711E18D94B7}.Release|x86.ActiveCfg = Release|Any CPU
		{884819E9-3376-4EBF-B143-8711E18D94B7}.Release|x86.Build.0 = Release|Any CPU
		{884819E9-3376-4EBF-B143-8711E18D94B7}.Debug|iPhoneSimulator.ActiveCfg = Debug|Any CPU
		{884819E9-3376-4EBF-B143-8711E18D94B7}.Debug|iPhoneSimulator.Build.0 = Debug|Any CPU
		{884819E9-3376-4EBF-B143-8711E18D94B7}.Release|iPhone.ActiveCfg = Release|Any CPU
		{884819E9-3376-4EBF-B143-8711E18D94B7}.Release|iPhone.Build.0 = Release|Any CPU
		{884819E9-3376-4EBF-B143-8711E18D94B7}.Release|iPhoneSimulator.ActiveCfg = Release|Any CPU
		{884819E9-3376-4EBF-B143-8711E18D94B7}.Release|iPhoneSimulator.Build.0 = Release|Any CPU
		{884819E9-3376-4EBF-B143-8711E18D94B7}.Debug|iPhone.ActiveCfg = Debug|Any CPU
		{884819E9-3376-4EBF-B143-8711E18D94B7}.Debug|iPhone.Build.0 = Debug|Any CPU
		{C7DD8CA8-C55D-4571-97F5-FBADDE9BA39D}.Debug|x86.ActiveCfg = Debug|Any CPU
		{C7DD8CA8-C55D-4571-97F5-FBADDE9BA39D}.Debug|x86.Build.0 = Debug|Any CPU
		{C7DD8CA8-C55D-4571-97F5-FBADDE9BA39D}.Release|x86.ActiveCfg = Release|Any CPU
		{C7DD8CA8-C55D-4571-97F5-FBADDE9BA39D}.Release|x86.Build.0 = Release|Any CPU
		{C7DD8CA8-C55D-4571-97F5-FBADDE9BA39D}.Debug|iPhoneSimulator.ActiveCfg = Debug|Any CPU
		{C7DD8CA8-C55D-4571-97F5-FBADDE9BA39D}.Debug|iPhoneSimulator.Build.0 = Debug|Any CPU
		{C7DD8CA8-C55D-4571-97F5-FBADDE9BA39D}.Release|iPhone.ActiveCfg = Release|Any CPU
		{C7DD8CA8-C55D-4571-97F5-FBADDE9BA39D}.Release|iPhone.Build.0 = Release|Any CPU
		{C7DD8CA8-C55D-4571-97F5-FBADDE9BA39D}.Release|iPhoneSimulator.ActiveCfg = Release|Any CPU
		{C7DD8CA8-C55D-4571-97F5-FBADDE9BA39D}.Release|iPhoneSimulator.Build.0 = Release|Any CPU
		{C7DD8CA8-C55D-4571-97F5-FBADDE9BA39D}.Debug|iPhone.ActiveCfg = Debug|Any CPU
		{C7DD8CA8-C55D-4571-97F5-FBADDE9BA39D}.Debug|iPhone.Build.0 = Debug|Any CPU
		{AC74E967-3C66-40A3-A982-B9ABA8D9A6F3}.Debug|x86.ActiveCfg = Debug|iPhoneSimulator
		{AC74E967-3C66-40A3-A982-B9ABA8D9A6F3}.Debug|x86.Build.0 = Debug|iPhoneSimulator
		{AC74E967-3C66-40A3-A982-B9ABA8D9A6F3}.Release|x86.ActiveCfg = Release|iPhone
		{AC74E967-3C66-40A3-A982-B9ABA8D9A6F3}.Release|x86.Build.0 = Release|iPhone
		{AC74E967-3C66-40A3-A982-B9ABA8D9A6F3}.Debug|iPhoneSimulator.ActiveCfg = Debug|iPhoneSimulator
		{AC74E967-3C66-40A3-A982-B9ABA8D9A6F3}.Debug|iPhoneSimulator.Build.0 = Debug|iPhoneSimulator
		{AC74E967-3C66-40A3-A982-B9ABA8D9A6F3}.Release|iPhone.ActiveCfg = Release|iPhone
		{AC74E967-3C66-40A3-A982-B9ABA8D9A6F3}.Release|iPhone.Build.0 = Release|iPhone
		{AC74E967-3C66-40A3-A982-B9ABA8D9A6F3}.Release|iPhoneSimulator.ActiveCfg = Release|iPhoneSimulator
		{AC74E967-3C66-40A3-A982-B9ABA8D9A6F3}.Release|iPhoneSimulator.Build.0 = Release|iPhoneSimulator
		{AC74E967-3C66-40A3-A982-B9ABA8D9A6F3}.Debug|iPhone.ActiveCfg = Debug|iPhone
		{AC74E967-3C66-40A3-A982-B9ABA8D9A6F3}.Debug|iPhone.Build.0 = Debug|iPhone
		{6EBAFFFF-7802-405D-A779-6489C323C473}.Debug|x86.ActiveCfg = Debug|Any CPU
		{6EBAFFFF-7802-405D-A779-6489C323C473}.Debug|x86.Build.0 = Debug|Any CPU
		{6EBAFFFF-7802-405D-A779-6489C323C473}.Release|x86.ActiveCfg = Release|Any CPU
		{6EBAFFFF-7802-405D-A779-6489C323C473}.Release|x86.Build.0 = Release|Any CPU
		{6EBAFFFF-7802-405D-A779-6489C323C473}.Debug|iPhoneSimulator.ActiveCfg = Debug|Any CPU
		{6EBAFFFF-7802-405D-A779-6489C323C473}.Debug|iPhoneSimulator.Build.0 = Debug|Any CPU
		{6EBAFFFF-7802-405D-A779-6489C323C473}.Release|iPhone.ActiveCfg = Release|Any CPU
		{6EBAFFFF-7802-405D-A779-6489C323C473}.Release|iPhone.Build.0 = Release|Any CPU
		{6EBAFFFF-7802-405D-A779-6489C323C473}.Release|iPhoneSimulator.ActiveCfg = Release|Any CPU
		{6EBAFFFF-7802-405D-A779-6489C323C473}.Release|iPhoneSimulator.Build.0 = Release|Any CPU
		{6EBAFFFF-7802-405D-A779-6489C323C473}.Debug|iPhone.ActiveCfg = Debug|Any CPU
		{6EBAFFFF-7802-405D-A779-6489C323C473}.Debug|iPhone.Build.0 = Debug|Any CPU
		{41DE320B-C375-47AC-BF0D-3303B7CA5FF4}.Debug|x86.ActiveCfg = Debug|Any CPU
		{41DE320B-C375-47AC-BF0D-3303B7CA5FF4}.Debug|x86.Build.0 = Debug|Any CPU
		{41DE320B-C375-47AC-BF0D-3303B7CA5FF4}.Release|x86.ActiveCfg = Release|Any CPU
		{41DE320B-C375-47AC-BF0D-3303B7CA5FF4}.Release|x86.Build.0 = Release|Any CPU
		{41DE320B-C375-47AC-BF0D-3303B7CA5FF4}.Debug|iPhoneSimulator.ActiveCfg = Debug|Any CPU
		{41DE320B-C375-47AC-BF0D-3303B7CA5FF4}.Debug|iPhoneSimulator.Build.0 = Debug|Any CPU
		{41DE320B-C375-47AC-BF0D-3303B7CA5FF4}.Release|iPhone.ActiveCfg = Release|Any CPU
		{41DE320B-C375-47AC-BF0D-3303B7CA5FF4}.Release|iPhone.Build.0 = Release|Any CPU
		{41DE320B-C375-47AC-BF0D-3303B7CA5FF4}.Release|iPhoneSimulator.ActiveCfg = Release|Any CPU
		{41DE320B-C375-47AC-BF0D-3303B7CA5FF4}.Release|iPhoneSimulator.Build.0 = Release|Any CPU
		{41DE320B-C375-47AC-BF0D-3303B7CA5FF4}.Debug|iPhone.ActiveCfg = Debug|Any CPU
		{41DE320B-C375-47AC-BF0D-3303B7CA5FF4}.Debug|iPhone.Build.0 = Debug|Any CPU
		{A8F0A4EB-84D6-4FB6-8BF7-4DF060AC5467}.Debug|x86.ActiveCfg = Debug|Any CPU
		{A8F0A4EB-84D6-4FB6-8BF7-4DF060AC5467}.Debug|x86.Build.0 = Debug|Any CPU
		{A8F0A4EB-84D6-4FB6-8BF7-4DF060AC5467}.Release|x86.ActiveCfg = Release|Any CPU
		{A8F0A4EB-84D6-4FB6-8BF7-4DF060AC5467}.Release|x86.Build.0 = Release|Any CPU
		{A8F0A4EB-84D6-4FB6-8BF7-4DF060AC5467}.Debug|iPhoneSimulator.ActiveCfg = Debug|Any CPU
		{A8F0A4EB-84D6-4FB6-8BF7-4DF060AC5467}.Debug|iPhoneSimulator.Build.0 = Debug|Any CPU
		{A8F0A4EB-84D6-4FB6-8BF7-4DF060AC5467}.Release|iPhone.ActiveCfg = Release|Any CPU
		{A8F0A4EB-84D6-4FB6-8BF7-4DF060AC5467}.Release|iPhone.Build.0 = Release|Any CPU
		{A8F0A4EB-84D6-4FB6-8BF7-4DF060AC5467}.Release|iPhoneSimulator.ActiveCfg = Release|Any CPU
		{A8F0A4EB-84D6-4FB6-8BF7-4DF060AC5467}.Release|iPhoneSimulator.Build.0 = Release|Any CPU
		{A8F0A4EB-84D6-4FB6-8BF7-4DF060AC5467}.Debug|iPhone.ActiveCfg = Debug|Any CPU
		{A8F0A4EB-84D6-4FB6-8BF7-4DF060AC5467}.Debug|iPhone.Build.0 = Debug|Any CPU
	EndGlobalSection
	GlobalSection(NestedProjects) = preSolution
		{884819E9-3376-4EBF-B143-8711E18D94B7} = {F8E56BAC-654D-4A11-A42E-CCC09324C21B}
		{C7DD8CA8-C55D-4571-97F5-FBADDE9BA39D} = {BD7D2A24-5D1B-462B-90B6-8F78E358655D}
		{AC74E967-3C66-40A3-A982-B9ABA8D9A6F3} = {EE293109-FD39-4671-8364-7F38BC29A6C7}
		{6EBAFFFF-7802-405D-A779-6489C323C473} = {EE293109-FD39-4671-8364-7F38BC29A6C7}
		{41DE320B-C375-47AC-BF0D-3303B7CA5FF4} = {EE293109-FD39-4671-8364-7F38BC29A6C7}
		{A8F0A4EB-84D6-4FB6-8BF7-4DF060AC5467} = {EE293109-FD39-4671-8364-7F38BC29A6C7}
	EndGlobalSection
EndGlobal
